
Microsoft Visual Studio Solution File, Format Version 12.00
# Visual Studio Version 17
VisualStudioVersion = 17.1.32328.378
MinimumVisualStudioVersion = 10.0.40219.1
Project("{8BC9CEB8-8B4A-11D0-8D11-00A0C91BC942}") = "3", "3.vcxproj", "{E402FDD8-739A-4A2E-83BC-C3DA7C7ECF03}"
EndProject
Global
	GlobalSection(SolutionConfigurationPlatforms) = preSolution
		Debug|x64 = Debug|x64
		Debug|x86 = Debug|x86
		Release|x64 = Release|x64
		Release|x86 = Release|x86
	EndGlobalSection
	GlobalSection(ProjectConfigurationPlatforms) = postSolution
		{E402FDD8-739A-4A2E-83BC-C3DA7C7ECF03}.Debug|x64.ActiveCfg = Debug|x64
		{E402FDD8-739A-4A2E-83BC-C3DA7C7ECF03}.Debug|x64.Build.0 = Debug|x64
		{E402FDD8-739A-4A2E-83BC-C3DA7C7ECF03}.Debug|x86.ActiveCfg = Debug|Win32
		{E402FDD8-739A-4A2E-83BC-C3DA7C7ECF03}.Debug|x86.Build.0 = Debug|Win32
		{E402FDD8-739A-4A2E-83BC-C3DA7C7ECF03}.Release|x64.ActiveCfg = Release|x64
		{E402FDD8-739A-4A2E-83BC-C3DA7C7ECF03}.Release|x64.Build.0 = Release|x64
		{E402FDD8-739A-4A2E-83BC-C3DA7C7ECF03}.Release|x86.ActiveCfg = Release|Win32
		{E402FDD8-739A-4A2E-83BC-C3DA7C7ECF03}.Release|x86.Build.0 = Release|Win32
	EndGlobalSection
	GlobalSection(SolutionProperties) = preSolution
		HideSolutionNode = FALSE
	EndGlobalSection
	GlobalSection(ExtensibilityGlobals) = postSolution
		SolutionGuid = {720F49DD-8BEA-41CB-A540-28170B8D0D32}
	EndGlobalSection
EndGlobal
